<?xml version="1.0" encoding="utf-8"?>
<Project ToolsVersion="4.0" xmlns="http://schemas.microsoft.com/developer/msbuild/2003">
  <ItemGroup>
    <Filter Include="Source Files">
      <UniqueIdentifier>{4FC737F1-C7A5-4376-A066-2A32D752A2FF}</UniqueIdentifier>
      <Extensions>cpp;c;cc;cxx;c++;cppm;ixx;def;odl;idl;hpj;bat;asm;asmx</Extensions>
    </Filter>
    <Filter Include="Header Files">
      <UniqueIdentifier>{93995380-89BD-4b04-88EB-625FBE52EBFB}</UniqueIdentifier>
      <Extensions>h;hh;hpp;hxx;h++;hm;inl;inc;ipp;xsd</Extensions>
    </Filter>
    <Filter Include="Resource Files">
      <UniqueIdentifier>{67DA6AB6-F800-4c08-8B7A-83BB121AAD01}</UniqueIdentifier>
      <Extensions>rc;ico;cur;bmp;dlg;rc2;rct;bin;rgs;gif;jpg;jpeg;jpe;resx;tiff;tif;png;wav;mfcribbon-ms</Extensions>
    </Filter>
  </ItemGroup>
  <ItemGroup>
    <ClCompile Include="src\game\camera\camera.cpp">
      <Filter>Source Files</Filter>
    </ClCompile>
    <ClCompile Include="src\game\shader\compute.cpp">
      <Filter>Source Files</Filter>
    </ClCompile>
    <ClCompile Include="src\game\shader\shader.cpp">
      <Filter>Source Files</Filter>
    </ClCompile>
    <ClCompile Include="src\game\window\window.cpp">
      <Filter>Source Files</Filter>
    </ClCompile>
    <ClCompile Include="src\game\game.cpp">
      <Filter>Source Files</Filter>
    </ClCompile>
    <ClCompile Include="src\stb\stb_image.cpp">
      <Filter>Source Files</Filter>
    </ClCompile>
    <ClCompile Include="src\glad.c">
      <Filter>Source Files</Filter>
    </ClCompile>
    <ClCompile Include="src\main.cpp">
      <Filter>Source Files</Filter>
    </ClCompile>
    <ClCompile Include="src\game\softbody\vertexdata.cpp">
      <Filter>Source Files</Filter>
    </ClCompile>
    <ClCompile Include="src\game\camera\camera2d.cpp">
      <Filter>Source Files</Filter>
    </ClCompile>
    <ClCompile Include="src\game\camera\camera3d.cpp">
      <Filter>Source Files</Filter>
    </ClCompile>
    <ClCompile Include="src\game\softbody\objectdata.cpp">
      <Filter>Source Files</Filter>
    </ClCompile>
    <ClCompile Include="src\game\softbody\shapes\square.cpp">
      <Filter>Source Files</Filter>
    </ClCompile>
    <ClCompile Include="src\game\softbody\spring.cpp">
      <Filter>Source Files</Filter>
    </ClCompile>
    <ClCompile Include="src\game\input\input.cpp">
      <Filter>Source Files</Filter>
    </ClCompile>
    <ClCompile Include="src\game\softbody\shapes\circle.cpp">
      <Filter>Source Files</Filter>
    </ClCompile>
    <ClCompile Include="src\game\shader\shader_include.cpp">
      <Filter>Source Files</Filter>
    </ClCompile>
    <ClCompile Include="src\game\softbody\shapes\res_rect.cpp">
      <Filter>Source Files</Filter>
    </ClCompile>
  </ItemGroup>
  <ItemGroup>
    <ClInclude Include="src\game\camera\camera.h">
      <Filter>Header Files</Filter>
    </ClInclude>
    <ClInclude Include="src\game\shader\compute.h">
      <Filter>Header Files</Filter>
    </ClInclude>
    <ClInclude Include="src\game\shader\shader.h">
      <Filter>Header Files</Filter>
    </ClInclude>
    <ClInclude Include="src\game\window\window.h">
      <Filter>Header Files</Filter>
    </ClInclude>
    <ClInclude Include="src\game\game.h">
      <Filter>Header Files</Filter>
    </ClInclude>
    <ClInclude Include="src\stb\stb_image.h">
      <Filter>Header Files</Filter>
    </ClInclude>
    <ClInclude Include="src\game\softbody\vertexdata.h">
      <Filter>Header Files</Filter>
    </ClInclude>
    <ClInclude Include="src\game\camera\camera2d.h">
      <Filter>Header Files</Filter>
    </ClInclude>
    <ClInclude Include="src\game\camera\camera3d.h">
      <Filter>Header Files</Filter>
    </ClInclude>
    <ClInclude Include="src\game\softbody\objectdata.h">
      <Filter>Header Files</Filter>
    </ClInclude>
    <ClInclude Include="src\game\softbody\shapes\square.h">
      <Filter>Header Files</Filter>
    </ClInclude>
    <ClInclude Include="src\game\softbody\spring.h">
      <Filter>Header Files</Filter>
    </ClInclude>
    <ClInclude Include="src\game\input\input.h">
      <Filter>Header Files</Filter>
    </ClInclude>
    <ClInclude Include="src\game\softbody\shapes\circle.h">
      <Filter>Header Files</Filter>
    </ClInclude>
    <ClInclude Include="src\game\shader\shader_include.h">
      <Filter>Header Files</Filter>
    </ClInclude>
    <ClInclude Include="src\game\softbody\shapes\res_rect.h">
      <Filter>Header Files</Filter>
    </ClInclude>
  </ItemGroup>
  <ItemGroup>
    <None Include="assets\shaders\fragment\line.glsl" />
    <None Include="assets\shaders\fragment\point.glsl" />
    <None Include="assets\shaders\compute\physics.glsl" />
    <None Include="assets\shaders\vertex\point.glsl" />
    <None Include="assets\shaders\vertex\line.glsl" />
    <None Include="assets\shaders\compute\find_object_boundaries.glsl" />
    <None Include="assets\shaders\compute\spring_physics.glsl" />
    <None Include="assets\shaders\common\common.glsl" />
    <None Include="assets\shaders\compute\find_centers.glsl" />
    <None Include="assets\shaders\compute\reset_center.glsl" />
    <None Include="assets\shaders\compute\find_offsets.glsl" />
    <None Include="assets\shaders\compute\find_angles.glsl" />
    <None Include="assets\shaders\compute\shape_matching.glsl" />
    <None Include="assets\shaders\compute\average_angles.glsl" />
    <None Include="assets\shaders\compute\average_centers.glsl" />
    <None Include="assets\shaders\vertex\center.glsl" />
    <None Include="assets\shaders\vertex\shape_matching.glsl" />
    <None Include="assets\shaders\compute\gravity.glsl" />
    <None Include="assets\shaders\compute\integrate.glsl" />
    <None Include="assets\shaders\fragment\polygon.glsl" />
    <None Include="assets\shaders\vertex\polygon.glsl" />
    <None Include="assets\shaders\compute\find_bounds.glsl" />
    <None Include="assets\shaders\compute\calculate_bounding_box.glsl" />
    <None Include="assets\shaders\compute\find_indice_boundaries.glsl" />
    <None Include="assets\shaders\fragment\triangle.glsl" />
    <None Include="assets\shaders\vertex\triangle.glsl" />
    <None Include="assets\shaders\compute\init_object_properties.glsl" />
  </ItemGroup>
</Project>